
Microsoft Visual Studio Solution File, Format Version 12.00
# Visual Studio Version 16
VisualStudioVersion = 16.0.34114.132
MinimumVisualStudioVersion = 10.0.40219.1
Project("{FAE04EC0-301F-11D3-BF4B-00C04F79EFBC}") = "Estilos de RubénL", "Estilos de RubénL\Estilos de RubénL.csproj", "{9C8227B1-C0AD-4D27-95B1-7876EECDC95E}"
EndProject
Global
	GlobalSection(SolutionConfigurationPlatforms) = preSolution
		Debug|Any CPU = Debug|Any CPU
		Release|Any CPU = Release|Any CPU
	EndGlobalSection
	GlobalSection(ProjectConfigurationPlatforms) = postSolution
		{9C8227B1-C0AD-4D27-95B1-7876EECDC95E}.Debug|Any CPU.ActiveCfg = Debug|Any CPU
		{9C8227B1-C0AD-4D27-95B1-7876EECDC95E}.Debug|Any CPU.Build.0 = Debug|Any CPU
		{9C8227B1-C0AD-4D27-95B1-7876EECDC95E}.Release|Any CPU.ActiveCfg = Release|Any CPU
		{9C8227B1-C0AD-4D27-95B1-7876EECDC95E}.Release|Any CPU.Build.0 = Release|Any CPU
	EndGlobalSection
	GlobalSection(SolutionProperties) = preSolution
		HideSolutionNode = FALSE
	EndGlobalSection
	GlobalSection(ExtensibilityGlobals) = postSolution
		SolutionGuid = {FC01738A-D42C-4ABA-9891-6ED4EA86FF89}
	EndGlobalSection
EndGlobal
